
Microsoft Visual Studio Solution File, Format Version 12.00
# Visual Studio Version 17
VisualStudioVersion = 17.0.31903.59
MinimumVisualStudioVersion = 10.0.40219.1
Project("{FAE04EC0-301F-11D3-BF4B-00C04F79EFBC}") = "PrintingPress.Domain", "PrintingPress.Domain\PrintingPress.Domain.csproj", "{023965CB-F070-4F6C-AF46-789E118ABC47}"
EndProject
Project("{FAE04EC0-301F-11D3-BF4B-00C04F79EFBC}") = "PrintingPress.Application", "PrintingPress.Application\PrintingPress.Application.csproj", "{763421EA-25E4-47C9-AD76-91298F1C4D12}"
EndProject
Project("{FAE04EC0-301F-11D3-BF4B-00C04F79EFBC}") = "PrintingPress.Infrastructure", "PrintingPress.Infrastructure\PrintingPress.Infrastructure.csproj", "{D7AE2853-E4DC-4F17-B93D-3DDBAABE51B8}"
EndProject
Project("{FAE04EC0-301F-11D3-BF4B-00C04F79EFBC}") = "PrintingPress.WebAPI", "PrintingPress.WebAPI\PrintingPress.WebAPI.csproj", "{4A7F1336-5674-48F9-84B8-2244D465E6EC}"
EndProject
Global
	GlobalSection(SolutionConfigurationPlatforms) = preSolution
		Debug|Any CPU = Debug|Any CPU
		Release|Any CPU = Release|Any CPU
	EndGlobalSection
	GlobalSection(SolutionProperties) = preSolution
		HideSolutionNode = FALSE
	EndGlobalSection
	GlobalSection(ProjectConfigurationPlatforms) = postSolution
		{023965CB-F070-4F6C-AF46-789E118ABC47}.Debug|Any CPU.ActiveCfg = Debug|Any CPU
		{023965CB-F070-4F6C-AF46-789E118ABC47}.Debug|Any CPU.Build.0 = Debug|Any CPU
		{023965CB-F070-4F6C-AF46-789E118ABC47}.Release|Any CPU.ActiveCfg = Release|Any CPU
		{023965CB-F070-4F6C-AF46-789E118ABC47}.Release|Any CPU.Build.0 = Release|Any CPU
		{763421EA-25E4-47C9-AD76-91298F1C4D12}.Debug|Any CPU.ActiveCfg = Debug|Any CPU
		{763421EA-25E4-47C9-AD76-91298F1C4D12}.Debug|Any CPU.Build.0 = Debug|Any CPU
		{763421EA-25E4-47C9-AD76-91298F1C4D12}.Release|Any CPU.ActiveCfg = Release|Any CPU
		{763421EA-25E4-47C9-AD76-91298F1C4D12}.Release|Any CPU.Build.0 = Release|Any CPU
		{D7AE2853-E4DC-4F17-B93D-3DDBAABE51B8}.Debug|Any CPU.ActiveCfg = Debug|Any CPU
		{D7AE2853-E4DC-4F17-B93D-3DDBAABE51B8}.Debug|Any CPU.Build.0 = Debug|Any CPU
		{D7AE2853-E4DC-4F17-B93D-3DDBAABE51B8}.Release|Any CPU.ActiveCfg = Release|Any CPU
		{D7AE2853-E4DC-4F17-B93D-3DDBAABE51B8}.Release|Any CPU.Build.0 = Release|Any CPU
		{4A7F1336-5674-48F9-84B8-2244D465E6EC}.Debug|Any CPU.ActiveCfg = Debug|Any CPU
		{4A7F1336-5674-48F9-84B8-2244D465E6EC}.Debug|Any CPU.Build.0 = Debug|Any CPU
		{4A7F1336-5674-48F9-84B8-2244D465E6EC}.Release|Any CPU.ActiveCfg = Release|Any CPU
		{4A7F1336-5674-48F9-84B8-2244D465E6EC}.Release|Any CPU.Build.0 = Release|Any CPU
	EndGlobalSection
EndGlobal
